
Microsoft Visual Studio Solution File, Format Version 12.00
Project("{2150E333-8FDC-42A3-9474-1A3956D46DE8}") = "Auth", "Auth", "{AA4F5B0F-FF16-43E2-99F3-E035EA0E214F}"
EndProject
Project("{FAE04EC0-301F-11D3-BF4B-00C04F79EFBC}") = "Auth.API", "Auth\Auth.API\Auth.API.csproj", "{AF056A50-97CB-40D9-834A-135FA701C5D0}"
EndProject
Project("{2150E333-8FDC-42A3-9474-1A3956D46DE8}") = "Notification", "Notification", "{47FA1BCC-6372-44F7-A190-C2045EFA4507}"
EndProject
Project("{FAE04EC0-301F-11D3-BF4B-00C04F79EFBC}") = "Notification.API", "Notification\Notification.API\Notification.API.csproj", "{E0919A3A-25AD-4EC2-A789-7563CA33BFE6}"
EndProject
Project("{2150E333-8FDC-42A3-9474-1A3956D46DE8}") = "OTP", "OTP", "{ED3D89DB-039F-408F-8425-0DBA56E86F4B}"
EndProject
Project("{FAE04EC0-301F-11D3-BF4B-00C04F79EFBC}") = "OTP.API", "OTP\OTP.API\OTP.API.csproj", "{4D65CB13-E457-4686-923E-2566EE6A600D}"
EndProject
Project("{2150E333-8FDC-42A3-9474-1A3956D46DE8}") = "Gateways", "Gateways", "{AEAEA6A0-BACD-4E1C-B7B6-31D6FBB69DF3}"
EndProject
Project("{FAE04EC0-301F-11D3-BF4B-00C04F79EFBC}") = "Gateways.APIGateway", "Gateways\Gateways.APIGateway\Gateways.APIGateway.csproj", "{836C066E-5287-428E-AE23-48ADE2B9692B}"
EndProject
Project("{2150E333-8FDC-42A3-9474-1A3956D46DE8}") = "DeveloperTools", "DeveloperTools", "{147619D2-9D55-4962-902F-89EEE80C4E6D}"
EndProject
Project("{FAE04EC0-301F-11D3-BF4B-00C04F79EFBC}") = "DeveloperTools.API", "DeveloperTools\DeveloperTools.API\DeveloperTools.API.csproj", "{DA6A3990-5129-4BB4-B6BD-DEC3632B6B3A}"
EndProject
Global
	GlobalSection(SolutionConfigurationPlatforms) = preSolution
		Debug|Any CPU = Debug|Any CPU
		Release|Any CPU = Release|Any CPU
	EndGlobalSection
	GlobalSection(NestedProjects) = preSolution
		{AF056A50-97CB-40D9-834A-135FA701C5D0} = {AA4F5B0F-FF16-43E2-99F3-E035EA0E214F}
		{E0919A3A-25AD-4EC2-A789-7563CA33BFE6} = {47FA1BCC-6372-44F7-A190-C2045EFA4507}
		{4D65CB13-E457-4686-923E-2566EE6A600D} = {ED3D89DB-039F-408F-8425-0DBA56E86F4B}
		{836C066E-5287-428E-AE23-48ADE2B9692B} = {AEAEA6A0-BACD-4E1C-B7B6-31D6FBB69DF3}
		{DA6A3990-5129-4BB4-B6BD-DEC3632B6B3A} = {147619D2-9D55-4962-902F-89EEE80C4E6D}
	EndGlobalSection
	GlobalSection(ProjectConfigurationPlatforms) = postSolution
		{AF056A50-97CB-40D9-834A-135FA701C5D0}.Debug|Any CPU.ActiveCfg = Debug|Any CPU
		{AF056A50-97CB-40D9-834A-135FA701C5D0}.Debug|Any CPU.Build.0 = Debug|Any CPU
		{AF056A50-97CB-40D9-834A-135FA701C5D0}.Release|Any CPU.ActiveCfg = Release|Any CPU
		{AF056A50-97CB-40D9-834A-135FA701C5D0}.Release|Any CPU.Build.0 = Release|Any CPU
		{E0919A3A-25AD-4EC2-A789-7563CA33BFE6}.Debug|Any CPU.ActiveCfg = Debug|Any CPU
		{E0919A3A-25AD-4EC2-A789-7563CA33BFE6}.Debug|Any CPU.Build.0 = Debug|Any CPU
		{E0919A3A-25AD-4EC2-A789-7563CA33BFE6}.Release|Any CPU.ActiveCfg = Release|Any CPU
		{E0919A3A-25AD-4EC2-A789-7563CA33BFE6}.Release|Any CPU.Build.0 = Release|Any CPU
		{4D65CB13-E457-4686-923E-2566EE6A600D}.Debug|Any CPU.ActiveCfg = Debug|Any CPU
		{4D65CB13-E457-4686-923E-2566EE6A600D}.Debug|Any CPU.Build.0 = Debug|Any CPU
		{4D65CB13-E457-4686-923E-2566EE6A600D}.Release|Any CPU.ActiveCfg = Release|Any CPU
		{4D65CB13-E457-4686-923E-2566EE6A600D}.Release|Any CPU.Build.0 = Release|Any CPU
		{836C066E-5287-428E-AE23-48ADE2B9692B}.Debug|Any CPU.ActiveCfg = Debug|Any CPU
		{836C066E-5287-428E-AE23-48ADE2B9692B}.Debug|Any CPU.Build.0 = Debug|Any CPU
		{836C066E-5287-428E-AE23-48ADE2B9692B}.Release|Any CPU.ActiveCfg = Release|Any CPU
		{836C066E-5287-428E-AE23-48ADE2B9692B}.Release|Any CPU.Build.0 = Release|Any CPU
		{DA6A3990-5129-4BB4-B6BD-DEC3632B6B3A}.Debug|Any CPU.ActiveCfg = Debug|Any CPU
		{DA6A3990-5129-4BB4-B6BD-DEC3632B6B3A}.Debug|Any CPU.Build.0 = Debug|Any CPU
		{DA6A3990-5129-4BB4-B6BD-DEC3632B6B3A}.Release|Any CPU.ActiveCfg = Release|Any CPU
		{DA6A3990-5129-4BB4-B6BD-DEC3632B6B3A}.Release|Any CPU.Build.0 = Release|Any CPU
	EndGlobalSection
EndGlobal
